
Microsoft Visual Studio Solution File, Format Version 12.00
# Visual Studio Version 16
VisualStudioVersion = 16.0.31729.503
MinimumVisualStudioVersion = 10.0.40219.1
Project("{FAE04EC0-301F-11D3-BF4B-00C04F79EFBC}") = "project system design", "project system design\project system design.csproj", "{4102FED7-142C-4B08-B348-899CC5331E5D}"
EndProject
Global
	GlobalSection(SolutionConfigurationPlatforms) = preSolution
		Debug|Any CPU = Debug|Any CPU
		Release|Any CPU = Release|Any CPU
	EndGlobalSection
	GlobalSection(ProjectConfigurationPlatforms) = postSolution
		{4102FED7-142C-4B08-B348-899CC5331E5D}.Debug|Any CPU.ActiveCfg = Debug|Any CPU
		{4102FED7-142C-4B08-B348-899CC5331E5D}.Debug|Any CPU.Build.0 = Debug|Any CPU
		{4102FED7-142C-4B08-B348-899CC5331E5D}.Release|Any CPU.ActiveCfg = Release|Any CPU
		{4102FED7-142C-4B08-B348-899CC5331E5D}.Release|Any CPU.Build.0 = Release|Any CPU
	EndGlobalSection
	GlobalSection(SolutionProperties) = preSolution
		HideSolutionNode = FALSE
	EndGlobalSection
	GlobalSection(ExtensibilityGlobals) = postSolution
		SolutionGuid = {AD079A04-C059-4718-B316-DABC7145F24E}
	EndGlobalSection
EndGlobal
